
Microsoft Visual Studio Solution File, Format Version 12.00
# Visual Studio Version 17
VisualStudioVersion = 17.13.35825.156
MinimumVisualStudioVersion = 10.0.40219.1
Project("{8BC9CEB8-8B4A-11D0-8D11-00A0C91BC942}") = "DataStructure", "DataStructure\DataStructure.vcxproj", "{E96AEDD6-EB3F-4747-90EA-8011AF670111}"
EndProject
Project("{8BC9CEB8-8B4A-11D0-8D11-00A0C91BC942}") = "DoublyLinkedList", "DoublyLinkedList\DoublyLinkedList.vcxproj", "{EAC37B08-D3D0-4FCC-B187-6A65A0C7E936}"
EndProject
Project("{8BC9CEB8-8B4A-11D0-8D11-00A0C91BC942}") = "Maze_Stack", "Maze_Stack\Maze_Stack.vcxproj", "{36CCEC4E-059A-4E6A-B19F-7CE29DBF27F2}"
EndProject
Project("{8BC9CEB8-8B4A-11D0-8D11-00A0C91BC942}") = "Maze_Queue", "Maze_Queue\Maze_Queue.vcxproj", "{CA4BD6DB-DB6A-4EFC-8630-483E3348B6E7}"
EndProject
Project("{8BC9CEB8-8B4A-11D0-8D11-00A0C91BC942}") = "TwoPointers", "TwoPointers\TwoPointers.vcxproj", "{E2C92263-7AAA-4404-94C6-190F6980678B}"
EndProject
Global
	GlobalSection(SolutionConfigurationPlatforms) = preSolution
		Debug|x64 = Debug|x64
		Debug|x86 = Debug|x86
		Release|x64 = Release|x64
		Release|x86 = Release|x86
	EndGlobalSection
	GlobalSection(ProjectConfigurationPlatforms) = postSolution
		{E96AEDD6-EB3F-4747-90EA-8011AF670111}.Debug|x64.ActiveCfg = Debug|x64
		{E96AEDD6-EB3F-4747-90EA-8011AF670111}.Debug|x64.Build.0 = Debug|x64
		{E96AEDD6-EB3F-4747-90EA-8011AF670111}.Debug|x86.ActiveCfg = Debug|Win32
		{E96AEDD6-EB3F-4747-90EA-8011AF670111}.Debug|x86.Build.0 = Debug|Win32
		{E96AEDD6-EB3F-4747-90EA-8011AF670111}.Release|x64.ActiveCfg = Release|x64
		{E96AEDD6-EB3F-4747-90EA-8011AF670111}.Release|x64.Build.0 = Release|x64
		{E96AEDD6-EB3F-4747-90EA-8011AF670111}.Release|x86.ActiveCfg = Release|Win32
		{E96AEDD6-EB3F-4747-90EA-8011AF670111}.Release|x86.Build.0 = Release|Win32
		{EAC37B08-D3D0-4FCC-B187-6A65A0C7E936}.Debug|x64.ActiveCfg = Debug|x64
		{EAC37B08-D3D0-4FCC-B187-6A65A0C7E936}.Debug|x64.Build.0 = Debug|x64
		{EAC37B08-D3D0-4FCC-B187-6A65A0C7E936}.Debug|x86.ActiveCfg = Debug|Win32
		{EAC37B08-D3D0-4FCC-B187-6A65A0C7E936}.Debug|x86.Build.0 = Debug|Win32
		{EAC37B08-D3D0-4FCC-B187-6A65A0C7E936}.Release|x64.ActiveCfg = Release|x64
		{EAC37B08-D3D0-4FCC-B187-6A65A0C7E936}.Release|x64.Build.0 = Release|x64
		{EAC37B08-D3D0-4FCC-B187-6A65A0C7E936}.Release|x86.ActiveCfg = Release|Win32
		{EAC37B08-D3D0-4FCC-B187-6A65A0C7E936}.Release|x86.Build.0 = Release|Win32
		{36CCEC4E-059A-4E6A-B19F-7CE29DBF27F2}.Debug|x64.ActiveCfg = Debug|x64
		{36CCEC4E-059A-4E6A-B19F-7CE29DBF27F2}.Debug|x64.Build.0 = Debug|x64
		{36CCEC4E-059A-4E6A-B19F-7CE29DBF27F2}.Debug|x86.ActiveCfg = Debug|Win32
		{36CCEC4E-059A-4E6A-B19F-7CE29DBF27F2}.Debug|x86.Build.0 = Debug|Win32
		{36CCEC4E-059A-4E6A-B19F-7CE29DBF27F2}.Release|x64.ActiveCfg = Release|x64
		{36CCEC4E-059A-4E6A-B19F-7CE29DBF27F2}.Release|x64.Build.0 = Release|x64
		{36CCEC4E-059A-4E6A-B19F-7CE29DBF27F2}.Release|x86.ActiveCfg = Release|Win32
		{36CCEC4E-059A-4E6A-B19F-7CE29DBF27F2}.Release|x86.Build.0 = Release|Win32
		{CA4BD6DB-DB6A-4EFC-8630-483E3348B6E7}.Debug|x64.ActiveCfg = Debug|x64
		{CA4BD6DB-DB6A-4EFC-8630-483E3348B6E7}.Debug|x64.Build.0 = Debug|x64
		{CA4BD6DB-DB6A-4EFC-8630-483E3348B6E7}.Debug|x86.ActiveCfg = Debug|Win32
		{CA4BD6DB-DB6A-4EFC-8630-483E3348B6E7}.Debug|x86.Build.0 = Debug|Win32
		{CA4BD6DB-DB6A-4EFC-8630-483E3348B6E7}.Release|x64.ActiveCfg = Release|x64
		{CA4BD6DB-DB6A-4EFC-8630-483E3348B6E7}.Release|x64.Build.0 = Release|x64
		{CA4BD6DB-DB6A-4EFC-8630-483E3348B6E7}.Release|x86.ActiveCfg = Release|Win32
		{CA4BD6DB-DB6A-4EFC-8630-483E3348B6E7}.Release|x86.Build.0 = Release|Win32
		{E2C92263-7AAA-4404-94C6-190F6980678B}.Debug|x64.ActiveCfg = Debug|x64
		{E2C92263-7AAA-4404-94C6-190F6980678B}.Debug|x64.Build.0 = Debug|x64
		{E2C92263-7AAA-4404-94C6-190F6980678B}.Debug|x86.ActiveCfg = Debug|Win32
		{E2C92263-7AAA-4404-94C6-190F6980678B}.Debug|x86.Build.0 = Debug|Win32
		{E2C92263-7AAA-4404-94C6-190F6980678B}.Release|x64.ActiveCfg = Release|x64
		{E2C92263-7AAA-4404-94C6-190F6980678B}.Release|x64.Build.0 = Release|x64
		{E2C92263-7AAA-4404-94C6-190F6980678B}.Release|x86.ActiveCfg = Release|Win32
		{E2C92263-7AAA-4404-94C6-190F6980678B}.Release|x86.Build.0 = Release|Win32
	EndGlobalSection
	GlobalSection(SolutionProperties) = preSolution
		HideSolutionNode = FALSE
	EndGlobalSection
	GlobalSection(ExtensibilityGlobals) = postSolution
		SolutionGuid = {BF8F9835-BC5D-40D9-80D9-2FF90E5EA51A}
	EndGlobalSection
EndGlobal
